{
  "lockfileVersion": 1,
  "configVersion": 1,
  "workspaces": {
    "": {
      "name": "lifeos-tools",
      "dependencies": {
        "graphology": "^0.25.4",
        "graphology-communities-louvain": "^2.0.2",
        "graphology-metrics": "^2.3.1",
      },
    },
  },
  "packages": {
    "@yomguithereal/helpers": ["@yomguithereal/helpers@1.1.1", "", {}, "sha512-UYvAq/XCA7xoh1juWDYsq3W0WywOB+pz8cgVnE1b45ZfdMhBvHDrgmSFG3jXeZSr2tMTYLGHFHON+ekG05Jebg=="],

    "events": ["events@3.3.0", "", {}, "sha512-mQw+2fkQbALzQ7V0MY0IqdnXNOeTtP4r0lN9z7AAawCXgqea7bDii20AYrIBrFd/Hx0M2Ocz6S111CaFkUcb0Q=="],

    "graphology": ["graphology@0.25.4", "", { "dependencies": { "events": "^3.3.0", "obliterator": "^2.0.2" }, "peerDependencies": { "graphology-types": ">=0.24.0" } }, "sha512-33g0Ol9nkWdD6ulw687viS8YJQBxqG5LWII6FI6nul0pq6iM2t5EKquOTFDbyTblRB3O9I+7KX4xI8u5ffekAQ=="],

    "graphology-communities-louvain": ["graphology-communities-louvain@2.0.2", "", { "dependencies": { "graphology-indices": "^0.17.0", "graphology-utils": "^2.4.4", "mnemonist": "^0.39.0", "pandemonium": "^2.4.1" }, "peerDependencies": { "graphology-types": ">=0.19.0" } }, "sha512-zt+2hHVPYxjEquyecxWXoUoIuN/UvYzsvI7boDdMNz0rRvpESQ7+e+Ejv6wK7AThycbZXuQ6DkG8NPMCq6XwoA=="],

    "graphology-indices": ["graphology-indices@0.17.0", "", { "dependencies": { "graphology-utils": "^2.4.2", "mnemonist": "^0.39.0" }, "peerDependencies": { "graphology-types": ">=0.20.0" } }, "sha512-A7RXuKQvdqSWOpn7ZVQo4S33O0vCfPBnUSf7FwE0zNCasqwZVUaCXePuWo5HBpWw68KJcwObZDHpFk6HKH6MYQ=="],

    "graphology-metrics": ["graphology-metrics@2.4.0", "", { "dependencies": { "graphology-indices": "^0.17.0", "graphology-shortest-path": "^2.0.0", "graphology-utils": "^2.4.4", "mnemonist": "^0.39.0", "pandemonium": "2.4.1" }, "peerDependencies": { "graphology-types": ">=0.20.0" } }, "sha512-7WOfOP+mFLCaTJx55Qg4eY+211vr1/b3D/R3biz3SXGhAaCVcWYkfabnmO4O4WBNWANEHtVnFrGgJ0kj6MM6xw=="],

    "graphology-shortest-path": ["graphology-shortest-path@2.1.0", "", { "dependencies": { "@yomguithereal/helpers": "^1.1.1", "graphology-indices": "^0.17.0", "graphology-utils": "^2.4.3", "mnemonist": "^0.39.0" }, "peerDependencies": { "graphology-types": ">=0.20.0" } }, "sha512-KbT9CTkP/u72vGEJzyRr24xFC7usI9Es3LMmCPHGwQ1KTsoZjxwA9lMKxfU0syvT/w+7fZUdB/Hu2wWYcJBm6Q=="],

    "graphology-types": ["graphology-types@0.24.8", "", {}, "sha512-hDRKYXa8TsoZHjgEaysSRyPdT6uB78Ci8WnjgbStlQysz7xR52PInxNsmnB7IBOM1BhikxkNyCVEFgmPKnpx3Q=="],

    "graphology-utils": ["graphology-utils@2.5.2", "", { "peerDependencies": { "graphology-types": ">=0.23.0" } }, "sha512-ckHg8MXrXJkOARk56ZaSCM1g1Wihe2d6iTmz1enGOz4W/l831MBCKSayeFQfowgF8wd+PQ4rlch/56Vs/VZLDQ=="],

    "mnemonist": ["mnemonist@0.39.8", "", { "dependencies": { "obliterator": "^2.0.1" } }, "sha512-vyWo2K3fjrUw8YeeZ1zF0fy6Mu59RHokURlld8ymdUPjMlD9EC9ov1/YPqTgqRvUN9nTr3Gqfz29LYAmu0PHPQ=="],

    "obliterator": ["obliterator@2.0.5", "", {}, "sha512-42CPE9AhahZRsMNslczq0ctAEtqk8Eka26QofnqC346BZdHDySk3LWka23LI7ULIw11NmltpiLagIq8gBozxTw=="],

    "pandemonium": ["pandemonium@2.4.1", "", { "dependencies": { "mnemonist": "^0.39.2" } }, "sha512-wRqjisUyiUfXowgm7MFH2rwJzKIr20rca5FsHXCMNm1W5YPP1hCtrZfgmQ62kP7OZ7Xt+cR858aB28lu5NX55g=="],
  }
}
